
Microsoft Visual Studio Solution File, Format Version 12.00
# Visual Studio Version 17
VisualStudioVersion = 17.14.36109.1
MinimumVisualStudioVersion = 10.0.40219.1
Project("{FAE04EC0-301F-11D3-BF4B-00C04F79EFBC}") = "ResharperTestSolution", "ResharperTestSolution\ResharperTestSolution.csproj", "{2EC8C696-F311-A1D6-5798-EA56AA0737C8}"
EndProject
Global
	GlobalSection(SolutionConfigurationPlatforms) = preSolution
		Debug|Any CPU = Debug|Any CPU
		Release|Any CPU = Release|Any CPU
	EndGlobalSection
	GlobalSection(ProjectConfigurationPlatforms) = postSolution
		{2EC8C696-F311-A1D6-5798-EA56AA0737C8}.Debug|Any CPU.ActiveCfg = Debug|Any CPU
		{2EC8C696-F311-A1D6-5798-EA56AA0737C8}.Debug|Any CPU.Build.0 = Debug|Any CPU
		{2EC8C696-F311-A1D6-5798-EA56AA0737C8}.Release|Any CPU.ActiveCfg = Release|Any CPU
		{2EC8C696-F311-A1D6-5798-EA56AA0737C8}.Release|Any CPU.Build.0 = Release|Any CPU
	EndGlobalSection
	GlobalSection(SolutionProperties) = preSolution
		HideSolutionNode = FALSE
	EndGlobalSection
	GlobalSection(ExtensibilityGlobals) = postSolution
		SolutionGuid = {A7242E40-01D5-4460-846E-963D1AD5FEE9}
	EndGlobalSection
EndGlobal
